// !$*UTF8*$!
{
	archiveVersion = 1;
	classes = {
	};
	objectVersion = 56;
	objects = {

/* Begin PBXBuildFile section */
		011E76792AC80CAD009345B0 /* CourseDetailView.swift in Sources */ = {isa = PBXBuildFile; fileRef = 011E76782AC80CAD009345B0 /* CourseDetailView.swift */; };
		01E0191A2AC2B49C006929AB /* F12_FormulariosApp.swift in Sources */ = {isa = PBXBuildFile; fileRef = 01E019192AC2B49C006929AB /* F12_FormulariosApp.swift */; };
		01E0191C2AC2B49C006929AB /* ContentView.swift in Sources */ = {isa = PBXBuildFile; fileRef = 01E0191B2AC2B49C006929AB /* ContentView.swift */; };
		01E0191E2AC2B49D006929AB /* Assets.xcassets in Resources */ = {isa = PBXBuildFile; fileRef = 01E0191D2AC2B49D006929AB /* Assets.xcassets */; };
		01E019212AC2B49D006929AB /* Preview Assets.xcassets in Resources */ = {isa = PBXBuildFile; fileRef = 01E019202AC2B49D006929AB /* Preview Assets.xcassets */; };
		01E019282AC2B517006929AB /* Course.swift in Sources */ = {isa = PBXBuildFile; fileRef = 01E019272AC2B517006929AB /* Course.swift */; };
		01E0192C2AC33A46006929AB /* SettingsView.swift in Sources */ = {isa = PBXBuildFile; fileRef = 01E0192B2AC33A46006929AB /* SettingsView.swift */; };
		01E0192E2AC34D10006929AB /* SettingsFactory.swift in Sources */ = {isa = PBXBuildFile; fileRef = 01E0192D2AC34D10006929AB /* SettingsFactory.swift */; };
/* End PBXBuildFile section */

/* Begin PBXFileReference section */
		011E76782AC80CAD009345B0 /* CourseDetailView.swift */ = {isa = PBXFileReference; fileEncoding = 4; lastKnownFileType = sourcecode.swift; path = CourseDetailView.swift; sourceTree = "<group>"; };
		01E019162AC2B49C006929AB /* F12-Formularios.app */ = {isa = PBXFileReference; explicitFileType = wrapper.application; includeInIndex = 0; path = "F12-Formularios.app"; sourceTree = BUILT_PRODUCTS_DIR; };
		01E019192AC2B49C006929AB /* F12_FormulariosApp.swift */ = {isa = PBXFileReference; lastKnownFileType = sourcecode.swift; path = F12_FormulariosApp.swift; sourceTree = "<group>"; };
		01E0191B2AC2B49C006929AB /* ContentView.swift */ = {isa = PBXFileReference; lastKnownFileType = sourcecode.swift; path = ContentView.swift; sourceTree = "<group>"; };
		01E0191D2AC2B49D006929AB /* Assets.xcassets */ = {isa = PBXFileReference; lastKnownFileType = folder.assetcatalog; path = Assets.xcassets; sourceTree = "<group>"; };
		01E019202AC2B49D006929AB /* Preview Assets.xcassets */ = {isa = PBXFileReference; lastKnownFileType = folder.assetcatalog; path = "Preview Assets.xcassets"; sourceTree = "<group>"; };
		01E019272AC2B517006929AB /* Course.swift */ = {isa = PBXFileReference; fileEncoding = 4; lastKnownFileType = sourcecode.swift; path = Course.swift; sourceTree = "<group>"; };
		01E0192B2AC33A46006929AB /* SettingsView.swift */ = {isa = PBXFileReference; lastKnownFileType = sourcecode.swift; path = SettingsView.swift; sourceTree = "<group>"; };
		01E0192D2AC34D10006929AB /* SettingsFactory.swift */ = {isa = PBXFileReference; lastKnownFileType = sourcecode.swift; path = SettingsFactory.swift; sourceTree = "<group>"; };
/* End PBXFileReference section */

/* Begin PBXFrameworksBuildPhase section */
		01E019132AC2B49C006929AB /* Frameworks */ = {
			isa = PBXFrameworksBuildPhase;
			buildActionMask = 2147483647;
			files = (
			);
			runOnlyForDeploymentPostprocessing = 0;
		};
/* End PBXFrameworksBuildPhase section */

/* Begin PBXGroup section */
		01E0190D2AC2B49C006929AB = {
			isa = PBXGroup;
			children = (
				01E019182AC2B49C006929AB /* F12-Formularios */,
				01E019172AC2B49C006929AB /* Products */,
			);
			sourceTree = "<group>";
		};
		01E019172AC2B49C006929AB /* Products */ = {
			isa = PBXGroup;
			children = (
				01E019162AC2B49C006929AB /* F12-Formularios.app */,
			);
			name = Products;
			sourceTree = "<group>";
		};
		01E019182AC2B49C006929AB /* F12-Formularios */ = {
			isa = PBXGroup;
			children = (
				01E019192AC2B49C006929AB /* F12_FormulariosApp.swift */,
				01E0191B2AC2B49C006929AB /* ContentView.swift */,
				011E76782AC80CAD009345B0 /* CourseDetailView.swift */,
				01E019272AC2B517006929AB /* Course.swift */,
				01E0191D2AC2B49D006929AB /* Assets.xcassets */,
				01E0191F2AC2B49D006929AB /* Preview Content */,
				01E0192B2AC33A46006929AB /* SettingsView.swift */,
				01E0192D2AC34D10006929AB /* SettingsFactory.swift */,
			);
			path = "F12-Formularios";
			sourceTree = "<group>";
		};
		01E0191F2AC2B49D006929AB /* Preview Content */ = {
			isa = PBXGroup;
			children = (
				01E019202AC2B49D006929AB /* Preview Assets.xcassets */,
			);
			path = "Preview Content";
			sourceTree = "<group>";
		};
/* End PBXGroup section */

/* Begin PBXNativeTarget section */
		01E019152AC2B49C006929AB /* F12-Formularios */ = {
			isa = PBXNativeTarget;
			buildConfigurationList = 01E019242AC2B49D006929AB /* Build configuration list for PBXNativeTarget "F12-Formularios" */;
			buildPhases = (
				01E019122AC2B49C006929AB /* Sources */,
				01E019132AC2B49C006929AB /* Frameworks */,
				01E019142AC2B49C006929AB /* Resources */,
			);
			buildRules = (
			);
			dependencies = (
			);
			name = "F12-Formularios";
			productName = "F12-Formularios";
			productReference = 01E019162AC2B49C006929AB /* F12-Formularios.app */;
			productType = "com.apple.product-type.application";
		};
/* End PBXNativeTarget section */

/* Begin PBXProject section */
		01E0190E2AC2B49C006929AB /* Project object */ = {
			isa = PBXProject;
			attributes = {
				BuildIndependentTargetsInParallel = 1;
				LastSwiftUpdateCheck = 1500;
				LastUpgradeCheck = 1500;
				TargetAttributes = {
					01E019152AC2B49C006929AB = {
						CreatedOnToolsVersion = 15.0;
					};
				};
			};
			buildConfigurationList = 01E019112AC2B49C006929AB /* Build configuration list for PBXProject "F12-Formularios" */;
			compatibilityVersion = "Xcode 14.0";
			developmentRegion = en;
			hasScannedForEncodings = 0;
			knownRegions = (
				en,
				Base,
			);
			mainGroup = 01E0190D2AC2B49C006929AB;
			productRefGroup = 01E019172AC2B49C006929AB /* Products */;
			projectDirPath = "";
			projectRoot = "";
			targets = (
				01E019152AC2B49C006929AB /* F12-Formularios */,
			);
		};
/* End PBXProject section */

/* Begin PBXResourcesBuildPhase section */
		01E019142AC2B49C006929AB /* Resources */ = {
			isa = PBXResourcesBuildPhase;
			buildActionMask = 2147483647;
			files = (
				01E019212AC2B49D006929AB /* Preview Assets.xcassets in Resources */,
				01E0191E2AC2B49D006929AB /* Assets.xcassets in Resources */,
			);
			runOnlyForDeploymentPostprocessing = 0;
		};
/* End PBXResourcesBuildPhase section */

/* Begin PBXSourcesBuildPhase section */
		01E019122AC2B49C006929AB /* Sources */ = {
			isa = PBXSourcesBuildPhase;
			buildActionMask = 2147483647;
			files = (
				01E0192C2AC33A46006929AB /* SettingsView.swift in Sources */,
				01E0192E2AC34D10006929AB /* SettingsFactory.swift in Sources */,
				01E019282AC2B517006929AB /* Course.swift in Sources */,
				01E0191C2AC2B49C006929AB /* ContentView.swift in Sources */,
				011E76792AC80CAD009345B0 /* CourseDetailView.swift in Sources */,
				01E0191A2AC2B49C006929AB /* F12_FormulariosApp.swift in Sources */,
			);
			runOnlyForDeploymentPostprocessing = 0;
		};
/* End PBXSourcesBuildPhase section */

/* Begin XCBuildConfiguration section */
		01E019222AC2B49D006929AB /* Debug */ = {
			isa = XCBuildConfiguration;
			buildSettings = {
				ALWAYS_SEARCH_USER_PATHS = NO;
				ASSETCATALOG_COMPILER_GENERATE_SWIFT_ASSET_SYMBOL_EXTENSIONS = YES;
				CLANG_ANALYZER_NONNULL = YES;
				CLANG_ANALYZER_NUMBER_OBJECT_CONVERSION = YES_AGGRESSIVE;
				CLANG_CXX_LANGUAGE_STANDARD = "gnu++20";
				CLANG_ENABLE_MODULES = YES;
				CLANG_ENABLE_OBJC_ARC = YES;
				CLANG_ENABLE_OBJC_WEAK = YES;
				CLANG_WARN_BLOCK_CAPTURE_AUTORELEASING = YES;
				CLANG_WARN_BOOL_CONVERSION = YES;
				CLANG_WARN_COMMA = YES;
				CLANG_WARN_CONSTANT_CONVERSION = YES;
				CLANG_WARN_DEPRECATED_OBJC_IMPLEMENTATIONS = YES;
				CLANG_WARN_DIRECT_OBJC_ISA_USAGE = YES_ERROR;
				CLANG_WARN_DOCUMENTATION_COMMENTS = YES;
				CLANG_WARN_EMPTY_BODY = YES;
				CLANG_WARN_ENUM_CONVERSION = YES;
				CLANG_WARN_INFINITE_RECURSION = YES;
				CLANG_WARN_INT_CONVERSION = YES;
				CLANG_WARN_NON_LITERAL_NULL_CONVERSION = YES;
				CLANG_WARN_OBJC_IMPLICIT_RETAIN_SELF = YES;
				CLANG_WARN_OBJC_LITERAL_CONVERSION = YES;
				CLANG_WARN_OBJC_ROOT_CLASS = YES_ERROR;
				CLANG_WARN_QUOTED_INCLUDE_IN_FRAMEWORK_HEADER = YES;
				CLANG_WARN_RANGE_LOOP_ANALYSIS = YES;
				CLANG_WARN_STRICT_PROTOTYPES = YES;
				CLANG_WARN_SUSPICIOUS_MOVE = YES;
				CLANG_WARN_UNGUARDED_AVAILABILITY = YES_AGGRESSIVE;
				CLANG_WARN_UNREACHABLE_CODE = YES;
				CLANG_WARN__DUPLICATE_METHOD_MATCH = YES;
				COPY_PHASE_STRIP = NO;
				DEBUG_INFORMATION_FORMAT = dwarf;
				ENABLE_STRICT_OBJC_MSGSEND = YES;
				ENABLE_TESTABILITY = YES;
				ENABLE_USER_SCRIPT_SANDBOXING = YES;
				GCC_C_LANGUAGE_STANDARD = gnu17;
				GCC_DYNAMIC_NO_PIC = NO;
				GCC_NO_COMMON_BLOCKS = YES;
				GCC_OPTIMIZATION_LEVEL = 0;
				GCC_PREPROCESSOR_DEFINITIONS = (
					"DEBUG=1",
					"$(inherited)",
				);
				GCC_WARN_64_TO_32_BIT_CONVERSION = YES;
				GCC_WARN_ABOUT_RETURN_TYPE = YES_ERROR;
				GCC_WARN_UNDECLARED_SELECTOR = YES;
				GCC_WARN_UNINITIALIZED_AUTOS = YES_AGGRESSIVE;
				GCC_WARN_UNUSED_FUNCTION = YES;
				GCC_WARN_UNUSED_VARIABLE = YES;
				IPHONEOS_DEPLOYMENT_TARGET = 17.0;
				LOCALIZATION_PREFERS_STRING_CATALOGS = YES;
				MTL_ENABLE_DEBUG_INFO = INCLUDE_SOURCE;
				MTL_FAST_MATH = YES;
				ONLY_ACTIVE_ARCH = YES;
				SDKROOT = iphoneos;
				SWIFT_ACTIVE_COMPILATION_CONDITIONS = "DEBUG $(inherited)";
				SWIFT_OPTIMIZATION_LEVEL = "-Onone";
			};
			name = Debug;
		};
		01E019232AC2B49D006929AB /* Release */ = {
			isa = XCBuildConfiguration;
			buildSettings = {
				ALWAYS_SEARCH_USER_PATHS = NO;
				ASSETCATALOG_COMPILER_GENERATE_SWIFT_ASSET_SYMBOL_EXTENSIONS = YES;
				CLANG_ANALYZER_NONNULL = YES;
				CLANG_ANALYZER_NUMBER_OBJECT_CONVERSION = YES_AGGRESSIVE;
				CLANG_CXX_LANGUAGE_STANDARD = "gnu++20";
				CLANG_ENABLE_MODULES = YES;
				CLANG_ENABLE_OBJC_ARC = YES;
				CLANG_ENABLE_OBJC_WEAK = YES;
				CLANG_WARN_BLOCK_CAPTURE_AUTORELEASING = YES;
				CLANG_WARN_BOOL_CONVERSION = YES;
				CLANG_WARN_COMMA = YES;
				CLANG_WARN_CONSTANT_CONVERSION = YES;
				CLANG_WARN_DEPRECATED_OBJC_IMPLEMENTATIONS = YES;
				CLANG_WARN_DIRECT_OBJC_ISA_USAGE = YES_ERROR;
				CLANG_WARN_DOCUMENTATION_COMMENTS = YES;
				CLANG_WARN_EMPTY_BODY = YES;
				CLANG_WARN_ENUM_CONVERSION = YES;
				CLANG_WARN_INFINITE_RECURSION = YES;
				CLANG_WARN_INT_CONVERSION = YES;
				CLANG_WARN_NON_LITERAL_NULL_CONVERSION = YES;
				CLANG_WARN_OBJC_IMPLICIT_RETAIN_SELF = YES;
				CLANG_WARN_OBJC_LITERAL_CONVERSION = YES;
				CLANG_WARN_OBJC_ROOT_CLASS = YES_ERROR;
				CLANG_WARN_QUOTED_INCLUDE_IN_FRAMEWORK_HEADER = YES;
				CLANG_WARN_RANGE_LOOP_ANALYSIS = YES;
				CLANG_WARN_STRICT_PROTOTYPES = YES;
				CLANG_WARN_SUSPICIOUS_MOVE = YES;
				CLANG_WARN_UNGUARDED_AVAILABILITY = YES_AGGRESSIVE;
				CLANG_WARN_UNREACHABLE_CODE = YES;
				CLANG_WARN__DUPLICATE_METHOD_MATCH = YES;
				COPY_PHASE_STRIP = NO;
				DEBUG_INFORMATION_FORMAT = "dwarf-with-dsym";
				ENABLE_NS_ASSERTIONS = NO;
				ENABLE_STRICT_OBJC_MSGSEND = YES;
				ENABLE_USER_SCRIPT_SANDBOXING = YES;
				GCC_C_LANGUAGE_STANDARD = gnu17;
				GCC_NO_COMMON_BLOCKS = YES;
				GCC_WARN_64_TO_32_BIT_CONVERSION = YES;
				GCC_WARN_ABOUT_RETURN_TYPE = YES_ERROR;
				GCC_WARN_UNDECLARED_SELECTOR = YES;
				GCC_WARN_UNINITIALIZED_AUTOS = YES_AGGRESSIVE;
				GCC_WARN_UNUSED_FUNCTION = YES;
				GCC_WARN_UNUSED_VARIABLE = YES;
				IPHONEOS_DEPLOYMENT_TARGET = 17.0;
				LOCALIZATION_PREFERS_STRING_CATALOGS = YES;
				MTL_ENABLE_DEBUG_INFO = NO;
				MTL_FAST_MATH = YES;
				SDKROOT = iphoneos;
				SWIFT_COMPILATION_MODE = wholemodule;
				VALIDATE_PRODUCT = YES;
			};
			name = Release;
		};
		01E019252AC2B49D006929AB /* Debug */ = {
			isa = XCBuildConfiguration;
			buildSettings = {
				ASSETCATALOG_COMPILER_APPICON_NAME = AppIcon;
				ASSETCATALOG_COMPILER_GLOBAL_ACCENT_COLOR_NAME = AccentColor;
				CODE_SIGN_STYLE = Automatic;
				CURRENT_PROJECT_VERSION = 1;
				DEVELOPMENT_ASSET_PATHS = "\"F12-Formularios/Preview Content\"";
				DEVELOPMENT_TEAM = LV4V48ATK9;
				ENABLE_PREVIEWS = YES;
				GENERATE_INFOPLIST_FILE = YES;
				INFOPLIST_KEY_UIApplicationSceneManifest_Generation = YES;
				INFOPLIST_KEY_UIApplicationSupportsIndirectInputEvents = YES;
				INFOPLIST_KEY_UILaunchScreen_Generation = YES;
				INFOPLIST_KEY_UISupportedInterfaceOrientations_iPad = "UIInterfaceOrientationPortrait UIInterfaceOrientationPortraitUpsideDown UIInterfaceOrientationLandscapeLeft UIInterfaceOrientationLandscapeRight";
				INFOPLIST_KEY_UISupportedInterfaceOrientations_iPhone = "UIInterfaceOrientationPortrait UIInterfaceOrientationLandscapeLeft UIInterfaceOrientationLandscapeRight";
				LD_RUNPATH_SEARCH_PATHS = (
					"$(inherited)",
					"@executable_path/Frameworks",
				);
				MARKETING_VERSION = 1.0;
				PRODUCT_BUNDLE_IDENTIFIER = "com.frogamesformacion.F12-Formularios";
				PRODUCT_NAME = "$(TARGET_NAME)";
				SWIFT_EMIT_LOC_STRINGS = YES;
				SWIFT_VERSION = 5.0;
				TARGETED_DEVICE_FAMILY = "1,2";
			};
			name = Debug;
		};
		01E019262AC2B49D006929AB /* Release */ = {
			isa = XCBuildConfiguration;
			buildSettings = {
				ASSETCATALOG_COMPILER_APPICON_NAME = AppIcon;
				ASSETCATALOG_COMPILER_GLOBAL_ACCENT_COLOR_NAME = AccentColor;
				CODE_SIGN_STYLE = Automatic;
				CURRENT_PROJECT_VERSION = 1;
				DEVELOPMENT_ASSET_PATHS = "\"F12-Formularios/Preview Content\"";
				DEVELOPMENT_TEAM = LV4V48ATK9;
				ENABLE_PREVIEWS = YES;
				GENERATE_INFOPLIST_FILE = YES;
				INFOPLIST_KEY_UIApplicationSceneManifest_Generation = YES;
				INFOPLIST_KEY_UIApplicationSupportsIndirectInputEvents = YES;
				INFOPLIST_KEY_UILaunchScreen_Generation = YES;
				INFOPLIST_KEY_UISupportedInterfaceOrientations_iPad = "UIInterfaceOrientationPortrait UIInterfaceOrientationPortraitUpsideDown UIInterfaceOrientationLandscapeLeft UIInterfaceOrientationLandscapeRight";
				INFOPLIST_KEY_UISupportedInterfaceOrientations_iPhone = "UIInterfaceOrientationPortrait UIInterfaceOrientationLandscapeLeft UIInterfaceOrientationLandscapeRight";
				LD_RUNPATH_SEARCH_PATHS = (
					"$(inherited)",
					"@executable_path/Frameworks",
				);
				MARKETING_VERSION = 1.0;
				PRODUCT_BUNDLE_IDENTIFIER = "com.frogamesformacion.F12-Formularios";
				PRODUCT_NAME = "$(TARGET_NAME)";
				SWIFT_EMIT_LOC_STRINGS = YES;
				SWIFT_VERSION = 5.0;
				TARGETED_DEVICE_FAMILY = "1,2";
			};
			name = Release;
		};
/* End XCBuildConfiguration section */

/* Begin XCConfigurationList section */
		01E019112AC2B49C006929AB /* Build configuration list for PBXProject "F12-Formularios" */ = {
			isa = XCConfigurationList;
			buildConfigurations = (
				01E019222AC2B49D006929AB /* Debug */,
				01E019232AC2B49D006929AB /* Release */,
			);
			defaultConfigurationIsVisible = 0;
			defaultConfigurationName = Release;
		};
		01E019242AC2B49D006929AB /* Build configuration list for PBXNativeTarget "F12-Formularios" */ = {
			isa = XCConfigurationList;
			buildConfigurations = (
				01E019252AC2B49D006929AB /* Debug */,
				01E019262AC2B49D006929AB /* Release */,
			);
			defaultConfigurationIsVisible = 0;
			defaultConfigurationName = Release;
		};
/* End XCConfigurationList section */
	};
	rootObject = 01E0190E2AC2B49C006929AB /* Project object */;
}
