// !$*UTF8*$!
{
	archiveVersion = 1;
	classes = {
	};
	objectVersion = 56;
	objects = {

/* Begin PBXBuildFile section */
		0174189A2ACDCCE200BD12C7 /* F19_PrestamosApp.swift in Sources */ = {isa = PBXBuildFile; fileRef = 017418992ACDCCE200BD12C7 /* F19_PrestamosApp.swift */; };
		0174189C2ACDCCE200BD12C7 /* ContentView.swift in Sources */ = {isa = PBXBuildFile; fileRef = 0174189B2ACDCCE200BD12C7 /* ContentView.swift */; };
		0174189E2ACDCCE300BD12C7 /* Assets.xcassets in Resources */ = {isa = PBXBuildFile; fileRef = 0174189D2ACDCCE300BD12C7 /* Assets.xcassets */; };
		017418A12ACDCCE300BD12C7 /* Preview Assets.xcassets in Resources */ = {isa = PBXBuildFile; fileRef = 017418A02ACDCCE300BD12C7 /* Preview Assets.xcassets */; };
		017418AA2ACF0A6400BD12C7 /* Loan.swift in Sources */ = {isa = PBXBuildFile; fileRef = 017418A92ACF0A6400BD12C7 /* Loan.swift */; };
		017418AC2ACF0BC700BD12C7 /* LoanFactory.swift in Sources */ = {isa = PBXBuildFile; fileRef = 017418AB2ACF0BC700BD12C7 /* LoanFactory.swift */; };
		017418AF2ACF12AD00BD12C7 /* CellView.swift in Sources */ = {isa = PBXBuildFile; fileRef = 017418AE2ACF12AD00BD12C7 /* CellView.swift */; };
		017418B12ACF12B600BD12C7 /* FilterView.swift in Sources */ = {isa = PBXBuildFile; fileRef = 017418B02ACF12B600BD12C7 /* FilterView.swift */; };
/* End PBXBuildFile section */

/* Begin PBXFileReference section */
		017418962ACDCCE200BD12C7 /* F19-Prestamos.app */ = {isa = PBXFileReference; explicitFileType = wrapper.application; includeInIndex = 0; path = "F19-Prestamos.app"; sourceTree = BUILT_PRODUCTS_DIR; };
		017418992ACDCCE200BD12C7 /* F19_PrestamosApp.swift */ = {isa = PBXFileReference; lastKnownFileType = sourcecode.swift; path = F19_PrestamosApp.swift; sourceTree = "<group>"; };
		0174189B2ACDCCE200BD12C7 /* ContentView.swift */ = {isa = PBXFileReference; lastKnownFileType = sourcecode.swift; path = ContentView.swift; sourceTree = "<group>"; };
		0174189D2ACDCCE300BD12C7 /* Assets.xcassets */ = {isa = PBXFileReference; lastKnownFileType = folder.assetcatalog; path = Assets.xcassets; sourceTree = "<group>"; };
		017418A02ACDCCE300BD12C7 /* Preview Assets.xcassets */ = {isa = PBXFileReference; lastKnownFileType = folder.assetcatalog; path = "Preview Assets.xcassets"; sourceTree = "<group>"; };
		017418A72ACDCD1200BD12C7 /* JSON Playground.playground */ = {isa = PBXFileReference; lastKnownFileType = file.playground; path = "JSON Playground.playground"; sourceTree = "<group>"; xcLanguageSpecificationIdentifier = xcode.lang.swift; };
		017418A92ACF0A6400BD12C7 /* Loan.swift */ = {isa = PBXFileReference; lastKnownFileType = sourcecode.swift; path = Loan.swift; sourceTree = "<group>"; };
		017418AB2ACF0BC700BD12C7 /* LoanFactory.swift */ = {isa = PBXFileReference; lastKnownFileType = sourcecode.swift; path = LoanFactory.swift; sourceTree = "<group>"; };
		017418AE2ACF12AD00BD12C7 /* CellView.swift */ = {isa = PBXFileReference; lastKnownFileType = sourcecode.swift; path = CellView.swift; sourceTree = "<group>"; };
		017418B02ACF12B600BD12C7 /* FilterView.swift */ = {isa = PBXFileReference; lastKnownFileType = sourcecode.swift; path = FilterView.swift; sourceTree = "<group>"; };
/* End PBXFileReference section */

/* Begin PBXFrameworksBuildPhase section */
		017418932ACDCCE200BD12C7 /* Frameworks */ = {
			isa = PBXFrameworksBuildPhase;
			buildActionMask = 2147483647;
			files = (
			);
			runOnlyForDeploymentPostprocessing = 0;
		};
/* End PBXFrameworksBuildPhase section */

/* Begin PBXGroup section */
		0174188D2ACDCCE200BD12C7 = {
			isa = PBXGroup;
			children = (
				017418982ACDCCE200BD12C7 /* F19-Prestamos */,
				017418972ACDCCE200BD12C7 /* Products */,
			);
			sourceTree = "<group>";
		};
		017418972ACDCCE200BD12C7 /* Products */ = {
			isa = PBXGroup;
			children = (
				017418962ACDCCE200BD12C7 /* F19-Prestamos.app */,
			);
			name = Products;
			sourceTree = "<group>";
		};
		017418982ACDCCE200BD12C7 /* F19-Prestamos */ = {
			isa = PBXGroup;
			children = (
				017418A82ACF0A5800BD12C7 /* Model */,
				017418992ACDCCE200BD12C7 /* F19_PrestamosApp.swift */,
				017418AD2ACF129C00BD12C7 /* View */,
				0174189D2ACDCCE300BD12C7 /* Assets.xcassets */,
				0174189F2ACDCCE300BD12C7 /* Preview Content */,
				017418A72ACDCD1200BD12C7 /* JSON Playground.playground */,
			);
			path = "F19-Prestamos";
			sourceTree = "<group>";
		};
		0174189F2ACDCCE300BD12C7 /* Preview Content */ = {
			isa = PBXGroup;
			children = (
				017418A02ACDCCE300BD12C7 /* Preview Assets.xcassets */,
			);
			path = "Preview Content";
			sourceTree = "<group>";
		};
		017418A82ACF0A5800BD12C7 /* Model */ = {
			isa = PBXGroup;
			children = (
				017418A92ACF0A6400BD12C7 /* Loan.swift */,
				017418AB2ACF0BC700BD12C7 /* LoanFactory.swift */,
			);
			path = Model;
			sourceTree = "<group>";
		};
		017418AD2ACF129C00BD12C7 /* View */ = {
			isa = PBXGroup;
			children = (
				0174189B2ACDCCE200BD12C7 /* ContentView.swift */,
				017418AE2ACF12AD00BD12C7 /* CellView.swift */,
				017418B02ACF12B600BD12C7 /* FilterView.swift */,
			);
			path = View;
			sourceTree = "<group>";
		};
/* End PBXGroup section */

/* Begin PBXNativeTarget section */
		017418952ACDCCE200BD12C7 /* F19-Prestamos */ = {
			isa = PBXNativeTarget;
			buildConfigurationList = 017418A42ACDCCE300BD12C7 /* Build configuration list for PBXNativeTarget "F19-Prestamos" */;
			buildPhases = (
				017418922ACDCCE200BD12C7 /* Sources */,
				017418932ACDCCE200BD12C7 /* Frameworks */,
				017418942ACDCCE200BD12C7 /* Resources */,
			);
			buildRules = (
			);
			dependencies = (
			);
			name = "F19-Prestamos";
			productName = "F19-Prestamos";
			productReference = 017418962ACDCCE200BD12C7 /* F19-Prestamos.app */;
			productType = "com.apple.product-type.application";
		};
/* End PBXNativeTarget section */

/* Begin PBXProject section */
		0174188E2ACDCCE200BD12C7 /* Project object */ = {
			isa = PBXProject;
			attributes = {
				BuildIndependentTargetsInParallel = 1;
				LastSwiftUpdateCheck = 1500;
				LastUpgradeCheck = 1500;
				TargetAttributes = {
					017418952ACDCCE200BD12C7 = {
						CreatedOnToolsVersion = 15.0;
					};
				};
			};
			buildConfigurationList = 017418912ACDCCE200BD12C7 /* Build configuration list for PBXProject "F19-Prestamos" */;
			compatibilityVersion = "Xcode 14.0";
			developmentRegion = en;
			hasScannedForEncodings = 0;
			knownRegions = (
				en,
				Base,
			);
			mainGroup = 0174188D2ACDCCE200BD12C7;
			productRefGroup = 017418972ACDCCE200BD12C7 /* Products */;
			projectDirPath = "";
			projectRoot = "";
			targets = (
				017418952ACDCCE200BD12C7 /* F19-Prestamos */,
			);
		};
/* End PBXProject section */

/* Begin PBXResourcesBuildPhase section */
		017418942ACDCCE200BD12C7 /* Resources */ = {
			isa = PBXResourcesBuildPhase;
			buildActionMask = 2147483647;
			files = (
				017418A12ACDCCE300BD12C7 /* Preview Assets.xcassets in Resources */,
				0174189E2ACDCCE300BD12C7 /* Assets.xcassets in Resources */,
			);
			runOnlyForDeploymentPostprocessing = 0;
		};
/* End PBXResourcesBuildPhase section */

/* Begin PBXSourcesBuildPhase section */
		017418922ACDCCE200BD12C7 /* Sources */ = {
			isa = PBXSourcesBuildPhase;
			buildActionMask = 2147483647;
			files = (
				0174189C2ACDCCE200BD12C7 /* ContentView.swift in Sources */,
				017418AF2ACF12AD00BD12C7 /* CellView.swift in Sources */,
				017418AA2ACF0A6400BD12C7 /* Loan.swift in Sources */,
				017418AC2ACF0BC700BD12C7 /* LoanFactory.swift in Sources */,
				017418B12ACF12B600BD12C7 /* FilterView.swift in Sources */,
				0174189A2ACDCCE200BD12C7 /* F19_PrestamosApp.swift in Sources */,
			);
			runOnlyForDeploymentPostprocessing = 0;
		};
/* End PBXSourcesBuildPhase section */

/* Begin XCBuildConfiguration section */
		017418A22ACDCCE300BD12C7 /* Debug */ = {
			isa = XCBuildConfiguration;
			buildSettings = {
				ALWAYS_SEARCH_USER_PATHS = NO;
				ASSETCATALOG_COMPILER_GENERATE_SWIFT_ASSET_SYMBOL_EXTENSIONS = YES;
				CLANG_ANALYZER_NONNULL = YES;
				CLANG_ANALYZER_NUMBER_OBJECT_CONVERSION = YES_AGGRESSIVE;
				CLANG_CXX_LANGUAGE_STANDARD = "gnu++20";
				CLANG_ENABLE_MODULES = YES;
				CLANG_ENABLE_OBJC_ARC = YES;
				CLANG_ENABLE_OBJC_WEAK = YES;
				CLANG_WARN_BLOCK_CAPTURE_AUTORELEASING = YES;
				CLANG_WARN_BOOL_CONVERSION = YES;
				CLANG_WARN_COMMA = YES;
				CLANG_WARN_CONSTANT_CONVERSION = YES;
				CLANG_WARN_DEPRECATED_OBJC_IMPLEMENTATIONS = YES;
				CLANG_WARN_DIRECT_OBJC_ISA_USAGE = YES_ERROR;
				CLANG_WARN_DOCUMENTATION_COMMENTS = YES;
				CLANG_WARN_EMPTY_BODY = YES;
				CLANG_WARN_ENUM_CONVERSION = YES;
				CLANG_WARN_INFINITE_RECURSION = YES;
				CLANG_WARN_INT_CONVERSION = YES;
				CLANG_WARN_NON_LITERAL_NULL_CONVERSION = YES;
				CLANG_WARN_OBJC_IMPLICIT_RETAIN_SELF = YES;
				CLANG_WARN_OBJC_LITERAL_CONVERSION = YES;
				CLANG_WARN_OBJC_ROOT_CLASS = YES_ERROR;
				CLANG_WARN_QUOTED_INCLUDE_IN_FRAMEWORK_HEADER = YES;
				CLANG_WARN_RANGE_LOOP_ANALYSIS = YES;
				CLANG_WARN_STRICT_PROTOTYPES = YES;
				CLANG_WARN_SUSPICIOUS_MOVE = YES;
				CLANG_WARN_UNGUARDED_AVAILABILITY = YES_AGGRESSIVE;
				CLANG_WARN_UNREACHABLE_CODE = YES;
				CLANG_WARN__DUPLICATE_METHOD_MATCH = YES;
				COPY_PHASE_STRIP = NO;
				DEBUG_INFORMATION_FORMAT = dwarf;
				ENABLE_STRICT_OBJC_MSGSEND = YES;
				ENABLE_TESTABILITY = YES;
				ENABLE_USER_SCRIPT_SANDBOXING = YES;
				GCC_C_LANGUAGE_STANDARD = gnu17;
				GCC_DYNAMIC_NO_PIC = NO;
				GCC_NO_COMMON_BLOCKS = YES;
				GCC_OPTIMIZATION_LEVEL = 0;
				GCC_PREPROCESSOR_DEFINITIONS = (
					"DEBUG=1",
					"$(inherited)",
				);
				GCC_WARN_64_TO_32_BIT_CONVERSION = YES;
				GCC_WARN_ABOUT_RETURN_TYPE = YES_ERROR;
				GCC_WARN_UNDECLARED_SELECTOR = YES;
				GCC_WARN_UNINITIALIZED_AUTOS = YES_AGGRESSIVE;
				GCC_WARN_UNUSED_FUNCTION = YES;
				GCC_WARN_UNUSED_VARIABLE = YES;
				IPHONEOS_DEPLOYMENT_TARGET = 17.0;
				LOCALIZATION_PREFERS_STRING_CATALOGS = YES;
				MTL_ENABLE_DEBUG_INFO = INCLUDE_SOURCE;
				MTL_FAST_MATH = YES;
				ONLY_ACTIVE_ARCH = YES;
				SDKROOT = iphoneos;
				SWIFT_ACTIVE_COMPILATION_CONDITIONS = "DEBUG $(inherited)";
				SWIFT_OPTIMIZATION_LEVEL = "-Onone";
			};
			name = Debug;
		};
		017418A32ACDCCE300BD12C7 /* Release */ = {
			isa = XCBuildConfiguration;
			buildSettings = {
				ALWAYS_SEARCH_USER_PATHS = NO;
				ASSETCATALOG_COMPILER_GENERATE_SWIFT_ASSET_SYMBOL_EXTENSIONS = YES;
				CLANG_ANALYZER_NONNULL = YES;
				CLANG_ANALYZER_NUMBER_OBJECT_CONVERSION = YES_AGGRESSIVE;
				CLANG_CXX_LANGUAGE_STANDARD = "gnu++20";
				CLANG_ENABLE_MODULES = YES;
				CLANG_ENABLE_OBJC_ARC = YES;
				CLANG_ENABLE_OBJC_WEAK = YES;
				CLANG_WARN_BLOCK_CAPTURE_AUTORELEASING = YES;
				CLANG_WARN_BOOL_CONVERSION = YES;
				CLANG_WARN_COMMA = YES;
				CLANG_WARN_CONSTANT_CONVERSION = YES;
				CLANG_WARN_DEPRECATED_OBJC_IMPLEMENTATIONS = YES;
				CLANG_WARN_DIRECT_OBJC_ISA_USAGE = YES_ERROR;
				CLANG_WARN_DOCUMENTATION_COMMENTS = YES;
				CLANG_WARN_EMPTY_BODY = YES;
				CLANG_WARN_ENUM_CONVERSION = YES;
				CLANG_WARN_INFINITE_RECURSION = YES;
				CLANG_WARN_INT_CONVERSION = YES;
				CLANG_WARN_NON_LITERAL_NULL_CONVERSION = YES;
				CLANG_WARN_OBJC_IMPLICIT_RETAIN_SELF = YES;
				CLANG_WARN_OBJC_LITERAL_CONVERSION = YES;
				CLANG_WARN_OBJC_ROOT_CLASS = YES_ERROR;
				CLANG_WARN_QUOTED_INCLUDE_IN_FRAMEWORK_HEADER = YES;
				CLANG_WARN_RANGE_LOOP_ANALYSIS = YES;
				CLANG_WARN_STRICT_PROTOTYPES = YES;
				CLANG_WARN_SUSPICIOUS_MOVE = YES;
				CLANG_WARN_UNGUARDED_AVAILABILITY = YES_AGGRESSIVE;
				CLANG_WARN_UNREACHABLE_CODE = YES;
				CLANG_WARN__DUPLICATE_METHOD_MATCH = YES;
				COPY_PHASE_STRIP = NO;
				DEBUG_INFORMATION_FORMAT = "dwarf-with-dsym";
				ENABLE_NS_ASSERTIONS = NO;
				ENABLE_STRICT_OBJC_MSGSEND = YES;
				ENABLE_USER_SCRIPT_SANDBOXING = YES;
				GCC_C_LANGUAGE_STANDARD = gnu17;
				GCC_NO_COMMON_BLOCKS = YES;
				GCC_WARN_64_TO_32_BIT_CONVERSION = YES;
				GCC_WARN_ABOUT_RETURN_TYPE = YES_ERROR;
				GCC_WARN_UNDECLARED_SELECTOR = YES;
				GCC_WARN_UNINITIALIZED_AUTOS = YES_AGGRESSIVE;
				GCC_WARN_UNUSED_FUNCTION = YES;
				GCC_WARN_UNUSED_VARIABLE = YES;
				IPHONEOS_DEPLOYMENT_TARGET = 17.0;
				LOCALIZATION_PREFERS_STRING_CATALOGS = YES;
				MTL_ENABLE_DEBUG_INFO = NO;
				MTL_FAST_MATH = YES;
				SDKROOT = iphoneos;
				SWIFT_COMPILATION_MODE = wholemodule;
				VALIDATE_PRODUCT = YES;
			};
			name = Release;
		};
		017418A52ACDCCE300BD12C7 /* Debug */ = {
			isa = XCBuildConfiguration;
			buildSettings = {
				ASSETCATALOG_COMPILER_APPICON_NAME = AppIcon;
				ASSETCATALOG_COMPILER_GLOBAL_ACCENT_COLOR_NAME = AccentColor;
				CODE_SIGN_STYLE = Automatic;
				CURRENT_PROJECT_VERSION = 1;
				DEVELOPMENT_ASSET_PATHS = "\"F19-Prestamos/Preview Content\"";
				DEVELOPMENT_TEAM = LV4V48ATK9;
				ENABLE_PREVIEWS = YES;
				GENERATE_INFOPLIST_FILE = YES;
				INFOPLIST_KEY_UIApplicationSceneManifest_Generation = YES;
				INFOPLIST_KEY_UIApplicationSupportsIndirectInputEvents = YES;
				INFOPLIST_KEY_UILaunchScreen_Generation = YES;
				INFOPLIST_KEY_UISupportedInterfaceOrientations_iPad = "UIInterfaceOrientationPortrait UIInterfaceOrientationPortraitUpsideDown UIInterfaceOrientationLandscapeLeft UIInterfaceOrientationLandscapeRight";
				INFOPLIST_KEY_UISupportedInterfaceOrientations_iPhone = "UIInterfaceOrientationPortrait UIInterfaceOrientationLandscapeLeft UIInterfaceOrientationLandscapeRight";
				LD_RUNPATH_SEARCH_PATHS = (
					"$(inherited)",
					"@executable_path/Frameworks",
				);
				MARKETING_VERSION = 1.0;
				PRODUCT_BUNDLE_IDENTIFIER = "com.frogamesformacion.F19-Prestamos";
				PRODUCT_NAME = "$(TARGET_NAME)";
				SWIFT_EMIT_LOC_STRINGS = YES;
				SWIFT_VERSION = 5.0;
				TARGETED_DEVICE_FAMILY = "1,2";
			};
			name = Debug;
		};
		017418A62ACDCCE300BD12C7 /* Release */ = {
			isa = XCBuildConfiguration;
			buildSettings = {
				ASSETCATALOG_COMPILER_APPICON_NAME = AppIcon;
				ASSETCATALOG_COMPILER_GLOBAL_ACCENT_COLOR_NAME = AccentColor;
				CODE_SIGN_STYLE = Automatic;
				CURRENT_PROJECT_VERSION = 1;
				DEVELOPMENT_ASSET_PATHS = "\"F19-Prestamos/Preview Content\"";
				DEVELOPMENT_TEAM = LV4V48ATK9;
				ENABLE_PREVIEWS = YES;
				GENERATE_INFOPLIST_FILE = YES;
				INFOPLIST_KEY_UIApplicationSceneManifest_Generation = YES;
				INFOPLIST_KEY_UIApplicationSupportsIndirectInputEvents = YES;
				INFOPLIST_KEY_UILaunchScreen_Generation = YES;
				INFOPLIST_KEY_UISupportedInterfaceOrientations_iPad = "UIInterfaceOrientationPortrait UIInterfaceOrientationPortraitUpsideDown UIInterfaceOrientationLandscapeLeft UIInterfaceOrientationLandscapeRight";
				INFOPLIST_KEY_UISupportedInterfaceOrientations_iPhone = "UIInterfaceOrientationPortrait UIInterfaceOrientationLandscapeLeft UIInterfaceOrientationLandscapeRight";
				LD_RUNPATH_SEARCH_PATHS = (
					"$(inherited)",
					"@executable_path/Frameworks",
				);
				MARKETING_VERSION = 1.0;
				PRODUCT_BUNDLE_IDENTIFIER = "com.frogamesformacion.F19-Prestamos";
				PRODUCT_NAME = "$(TARGET_NAME)";
				SWIFT_EMIT_LOC_STRINGS = YES;
				SWIFT_VERSION = 5.0;
				TARGETED_DEVICE_FAMILY = "1,2";
			};
			name = Release;
		};
/* End XCBuildConfiguration section */

/* Begin XCConfigurationList section */
		017418912ACDCCE200BD12C7 /* Build configuration list for PBXProject "F19-Prestamos" */ = {
			isa = XCConfigurationList;
			buildConfigurations = (
				017418A22ACDCCE300BD12C7 /* Debug */,
				017418A32ACDCCE300BD12C7 /* Release */,
			);
			defaultConfigurationIsVisible = 0;
			defaultConfigurationName = Release;
		};
		017418A42ACDCCE300BD12C7 /* Build configuration list for PBXNativeTarget "F19-Prestamos" */ = {
			isa = XCConfigurationList;
			buildConfigurations = (
				017418A52ACDCCE300BD12C7 /* Debug */,
				017418A62ACDCCE300BD12C7 /* Release */,
			);
			defaultConfigurationIsVisible = 0;
			defaultConfigurationName = Release;
		};
/* End XCConfigurationList section */
	};
	rootObject = 0174188E2ACDCCE200BD12C7 /* Project object */;
}
