// !$*UTF8*$!
{
	archiveVersion = 1;
	classes = {
	};
	objectVersion = 56;
	objects = {

/* Begin PBXBuildFile section */
		015963462ABB41A400FB3FE7 /* F08_AnimacionesApp.swift in Sources */ = {isa = PBXBuildFile; fileRef = 015963452ABB41A400FB3FE7 /* F08_AnimacionesApp.swift */; };
		015963482ABB41A400FB3FE7 /* ContentView.swift in Sources */ = {isa = PBXBuildFile; fileRef = 015963472ABB41A400FB3FE7 /* ContentView.swift */; };
		0159634A2ABB41A500FB3FE7 /* Assets.xcassets in Resources */ = {isa = PBXBuildFile; fileRef = 015963492ABB41A500FB3FE7 /* Assets.xcassets */; };
		0159634D2ABB41A500FB3FE7 /* Preview Assets.xcassets in Resources */ = {isa = PBXBuildFile; fileRef = 0159634C2ABB41A500FB3FE7 /* Preview Assets.xcassets */; };
		015963542ABB4A3E00FB3FE7 /* LoadingCircle.swift in Sources */ = {isa = PBXBuildFile; fileRef = 015963532ABB4A3E00FB3FE7 /* LoadingCircle.swift */; };
		015963562ABB4EB900FB3FE7 /* LoadingLine.swift in Sources */ = {isa = PBXBuildFile; fileRef = 015963552ABB4EB900FB3FE7 /* LoadingLine.swift */; };
		015963582ABB51FD00FB3FE7 /* ProgressView.swift in Sources */ = {isa = PBXBuildFile; fileRef = 015963572ABB51FD00FB3FE7 /* ProgressView.swift */; };
		0159635A2ABB559300FB3FE7 /* LoadingDots.swift in Sources */ = {isa = PBXBuildFile; fileRef = 015963592ABB559300FB3FE7 /* LoadingDots.swift */; };
		0159635C2ABB59D700FB3FE7 /* MorphingView.swift in Sources */ = {isa = PBXBuildFile; fileRef = 0159635B2ABB59D700FB3FE7 /* MorphingView.swift */; };
		0159635E2ABB82E000FB3FE7 /* Transiciones.swift in Sources */ = {isa = PBXBuildFile; fileRef = 0159635D2ABB82E000FB3FE7 /* Transiciones.swift */; };
		015963602ABB8C4800FB3FE7 /* PurchaseButton.swift in Sources */ = {isa = PBXBuildFile; fileRef = 0159635F2ABB8C4800FB3FE7 /* PurchaseButton.swift */; };
/* End PBXBuildFile section */

/* Begin PBXFileReference section */
		015963422ABB41A400FB3FE7 /* F08-Animaciones.app */ = {isa = PBXFileReference; explicitFileType = wrapper.application; includeInIndex = 0; path = "F08-Animaciones.app"; sourceTree = BUILT_PRODUCTS_DIR; };
		015963452ABB41A400FB3FE7 /* F08_AnimacionesApp.swift */ = {isa = PBXFileReference; lastKnownFileType = sourcecode.swift; path = F08_AnimacionesApp.swift; sourceTree = "<group>"; };
		015963472ABB41A400FB3FE7 /* ContentView.swift */ = {isa = PBXFileReference; lastKnownFileType = sourcecode.swift; path = ContentView.swift; sourceTree = "<group>"; };
		015963492ABB41A500FB3FE7 /* Assets.xcassets */ = {isa = PBXFileReference; lastKnownFileType = folder.assetcatalog; path = Assets.xcassets; sourceTree = "<group>"; };
		0159634C2ABB41A500FB3FE7 /* Preview Assets.xcassets */ = {isa = PBXFileReference; lastKnownFileType = folder.assetcatalog; path = "Preview Assets.xcassets"; sourceTree = "<group>"; };
		015963532ABB4A3E00FB3FE7 /* LoadingCircle.swift */ = {isa = PBXFileReference; lastKnownFileType = sourcecode.swift; path = LoadingCircle.swift; sourceTree = "<group>"; };
		015963552ABB4EB900FB3FE7 /* LoadingLine.swift */ = {isa = PBXFileReference; lastKnownFileType = sourcecode.swift; path = LoadingLine.swift; sourceTree = "<group>"; };
		015963572ABB51FD00FB3FE7 /* ProgressView.swift */ = {isa = PBXFileReference; lastKnownFileType = sourcecode.swift; path = ProgressView.swift; sourceTree = "<group>"; };
		015963592ABB559300FB3FE7 /* LoadingDots.swift */ = {isa = PBXFileReference; lastKnownFileType = sourcecode.swift; path = LoadingDots.swift; sourceTree = "<group>"; };
		0159635B2ABB59D700FB3FE7 /* MorphingView.swift */ = {isa = PBXFileReference; lastKnownFileType = sourcecode.swift; path = MorphingView.swift; sourceTree = "<group>"; };
		0159635D2ABB82E000FB3FE7 /* Transiciones.swift */ = {isa = PBXFileReference; lastKnownFileType = sourcecode.swift; path = Transiciones.swift; sourceTree = "<group>"; };
		0159635F2ABB8C4800FB3FE7 /* PurchaseButton.swift */ = {isa = PBXFileReference; lastKnownFileType = sourcecode.swift; path = PurchaseButton.swift; sourceTree = "<group>"; };
/* End PBXFileReference section */

/* Begin PBXFrameworksBuildPhase section */
		0159633F2ABB41A400FB3FE7 /* Frameworks */ = {
			isa = PBXFrameworksBuildPhase;
			buildActionMask = 2147483647;
			files = (
			);
			runOnlyForDeploymentPostprocessing = 0;
		};
/* End PBXFrameworksBuildPhase section */

/* Begin PBXGroup section */
		015963392ABB41A400FB3FE7 = {
			isa = PBXGroup;
			children = (
				015963442ABB41A400FB3FE7 /* F08-Animaciones */,
				015963432ABB41A400FB3FE7 /* Products */,
			);
			sourceTree = "<group>";
		};
		015963432ABB41A400FB3FE7 /* Products */ = {
			isa = PBXGroup;
			children = (
				015963422ABB41A400FB3FE7 /* F08-Animaciones.app */,
			);
			name = Products;
			sourceTree = "<group>";
		};
		015963442ABB41A400FB3FE7 /* F08-Animaciones */ = {
			isa = PBXGroup;
			children = (
				015963452ABB41A400FB3FE7 /* F08_AnimacionesApp.swift */,
				015963472ABB41A400FB3FE7 /* ContentView.swift */,
				015963492ABB41A500FB3FE7 /* Assets.xcassets */,
				0159634B2ABB41A500FB3FE7 /* Preview Content */,
				015963532ABB4A3E00FB3FE7 /* LoadingCircle.swift */,
				015963552ABB4EB900FB3FE7 /* LoadingLine.swift */,
				015963572ABB51FD00FB3FE7 /* ProgressView.swift */,
				015963592ABB559300FB3FE7 /* LoadingDots.swift */,
				0159635B2ABB59D700FB3FE7 /* MorphingView.swift */,
				0159635D2ABB82E000FB3FE7 /* Transiciones.swift */,
				0159635F2ABB8C4800FB3FE7 /* PurchaseButton.swift */,
			);
			path = "F08-Animaciones";
			sourceTree = "<group>";
		};
		0159634B2ABB41A500FB3FE7 /* Preview Content */ = {
			isa = PBXGroup;
			children = (
				0159634C2ABB41A500FB3FE7 /* Preview Assets.xcassets */,
			);
			path = "Preview Content";
			sourceTree = "<group>";
		};
/* End PBXGroup section */

/* Begin PBXNativeTarget section */
		015963412ABB41A400FB3FE7 /* F08-Animaciones */ = {
			isa = PBXNativeTarget;
			buildConfigurationList = 015963502ABB41A500FB3FE7 /* Build configuration list for PBXNativeTarget "F08-Animaciones" */;
			buildPhases = (
				0159633E2ABB41A400FB3FE7 /* Sources */,
				0159633F2ABB41A400FB3FE7 /* Frameworks */,
				015963402ABB41A400FB3FE7 /* Resources */,
			);
			buildRules = (
			);
			dependencies = (
			);
			name = "F08-Animaciones";
			productName = "F08-Animaciones";
			productReference = 015963422ABB41A400FB3FE7 /* F08-Animaciones.app */;
			productType = "com.apple.product-type.application";
		};
/* End PBXNativeTarget section */

/* Begin PBXProject section */
		0159633A2ABB41A400FB3FE7 /* Project object */ = {
			isa = PBXProject;
			attributes = {
				BuildIndependentTargetsInParallel = 1;
				LastSwiftUpdateCheck = 1500;
				LastUpgradeCheck = 1500;
				TargetAttributes = {
					015963412ABB41A400FB3FE7 = {
						CreatedOnToolsVersion = 15.0;
					};
				};
			};
			buildConfigurationList = 0159633D2ABB41A400FB3FE7 /* Build configuration list for PBXProject "F08-Animaciones" */;
			compatibilityVersion = "Xcode 14.0";
			developmentRegion = en;
			hasScannedForEncodings = 0;
			knownRegions = (
				en,
				Base,
			);
			mainGroup = 015963392ABB41A400FB3FE7;
			productRefGroup = 015963432ABB41A400FB3FE7 /* Products */;
			projectDirPath = "";
			projectRoot = "";
			targets = (
				015963412ABB41A400FB3FE7 /* F08-Animaciones */,
			);
		};
/* End PBXProject section */

/* Begin PBXResourcesBuildPhase section */
		015963402ABB41A400FB3FE7 /* Resources */ = {
			isa = PBXResourcesBuildPhase;
			buildActionMask = 2147483647;
			files = (
				0159634D2ABB41A500FB3FE7 /* Preview Assets.xcassets in Resources */,
				0159634A2ABB41A500FB3FE7 /* Assets.xcassets in Resources */,
			);
			runOnlyForDeploymentPostprocessing = 0;
		};
/* End PBXResourcesBuildPhase section */

/* Begin PBXSourcesBuildPhase section */
		0159633E2ABB41A400FB3FE7 /* Sources */ = {
			isa = PBXSourcesBuildPhase;
			buildActionMask = 2147483647;
			files = (
				0159635A2ABB559300FB3FE7 /* LoadingDots.swift in Sources */,
				015963482ABB41A400FB3FE7 /* ContentView.swift in Sources */,
				015963602ABB8C4800FB3FE7 /* PurchaseButton.swift in Sources */,
				015963542ABB4A3E00FB3FE7 /* LoadingCircle.swift in Sources */,
				015963582ABB51FD00FB3FE7 /* ProgressView.swift in Sources */,
				015963562ABB4EB900FB3FE7 /* LoadingLine.swift in Sources */,
				015963462ABB41A400FB3FE7 /* F08_AnimacionesApp.swift in Sources */,
				0159635C2ABB59D700FB3FE7 /* MorphingView.swift in Sources */,
				0159635E2ABB82E000FB3FE7 /* Transiciones.swift in Sources */,
			);
			runOnlyForDeploymentPostprocessing = 0;
		};
/* End PBXSourcesBuildPhase section */

/* Begin XCBuildConfiguration section */
		0159634E2ABB41A500FB3FE7 /* Debug */ = {
			isa = XCBuildConfiguration;
			buildSettings = {
				ALWAYS_SEARCH_USER_PATHS = NO;
				ASSETCATALOG_COMPILER_GENERATE_SWIFT_ASSET_SYMBOL_EXTENSIONS = YES;
				CLANG_ANALYZER_NONNULL = YES;
				CLANG_ANALYZER_NUMBER_OBJECT_CONVERSION = YES_AGGRESSIVE;
				CLANG_CXX_LANGUAGE_STANDARD = "gnu++20";
				CLANG_ENABLE_MODULES = YES;
				CLANG_ENABLE_OBJC_ARC = YES;
				CLANG_ENABLE_OBJC_WEAK = YES;
				CLANG_WARN_BLOCK_CAPTURE_AUTORELEASING = YES;
				CLANG_WARN_BOOL_CONVERSION = YES;
				CLANG_WARN_COMMA = YES;
				CLANG_WARN_CONSTANT_CONVERSION = YES;
				CLANG_WARN_DEPRECATED_OBJC_IMPLEMENTATIONS = YES;
				CLANG_WARN_DIRECT_OBJC_ISA_USAGE = YES_ERROR;
				CLANG_WARN_DOCUMENTATION_COMMENTS = YES;
				CLANG_WARN_EMPTY_BODY = YES;
				CLANG_WARN_ENUM_CONVERSION = YES;
				CLANG_WARN_INFINITE_RECURSION = YES;
				CLANG_WARN_INT_CONVERSION = YES;
				CLANG_WARN_NON_LITERAL_NULL_CONVERSION = YES;
				CLANG_WARN_OBJC_IMPLICIT_RETAIN_SELF = YES;
				CLANG_WARN_OBJC_LITERAL_CONVERSION = YES;
				CLANG_WARN_OBJC_ROOT_CLASS = YES_ERROR;
				CLANG_WARN_QUOTED_INCLUDE_IN_FRAMEWORK_HEADER = YES;
				CLANG_WARN_RANGE_LOOP_ANALYSIS = YES;
				CLANG_WARN_STRICT_PROTOTYPES = YES;
				CLANG_WARN_SUSPICIOUS_MOVE = YES;
				CLANG_WARN_UNGUARDED_AVAILABILITY = YES_AGGRESSIVE;
				CLANG_WARN_UNREACHABLE_CODE = YES;
				CLANG_WARN__DUPLICATE_METHOD_MATCH = YES;
				COPY_PHASE_STRIP = NO;
				DEBUG_INFORMATION_FORMAT = dwarf;
				ENABLE_STRICT_OBJC_MSGSEND = YES;
				ENABLE_TESTABILITY = YES;
				ENABLE_USER_SCRIPT_SANDBOXING = YES;
				GCC_C_LANGUAGE_STANDARD = gnu17;
				GCC_DYNAMIC_NO_PIC = NO;
				GCC_NO_COMMON_BLOCKS = YES;
				GCC_OPTIMIZATION_LEVEL = 0;
				GCC_PREPROCESSOR_DEFINITIONS = (
					"DEBUG=1",
					"$(inherited)",
				);
				GCC_WARN_64_TO_32_BIT_CONVERSION = YES;
				GCC_WARN_ABOUT_RETURN_TYPE = YES_ERROR;
				GCC_WARN_UNDECLARED_SELECTOR = YES;
				GCC_WARN_UNINITIALIZED_AUTOS = YES_AGGRESSIVE;
				GCC_WARN_UNUSED_FUNCTION = YES;
				GCC_WARN_UNUSED_VARIABLE = YES;
				IPHONEOS_DEPLOYMENT_TARGET = 17.0;
				LOCALIZATION_PREFERS_STRING_CATALOGS = YES;
				MTL_ENABLE_DEBUG_INFO = INCLUDE_SOURCE;
				MTL_FAST_MATH = YES;
				ONLY_ACTIVE_ARCH = YES;
				SDKROOT = iphoneos;
				SWIFT_ACTIVE_COMPILATION_CONDITIONS = "DEBUG $(inherited)";
				SWIFT_OPTIMIZATION_LEVEL = "-Onone";
			};
			name = Debug;
		};
		0159634F2ABB41A500FB3FE7 /* Release */ = {
			isa = XCBuildConfiguration;
			buildSettings = {
				ALWAYS_SEARCH_USER_PATHS = NO;
				ASSETCATALOG_COMPILER_GENERATE_SWIFT_ASSET_SYMBOL_EXTENSIONS = YES;
				CLANG_ANALYZER_NONNULL = YES;
				CLANG_ANALYZER_NUMBER_OBJECT_CONVERSION = YES_AGGRESSIVE;
				CLANG_CXX_LANGUAGE_STANDARD = "gnu++20";
				CLANG_ENABLE_MODULES = YES;
				CLANG_ENABLE_OBJC_ARC = YES;
				CLANG_ENABLE_OBJC_WEAK = YES;
				CLANG_WARN_BLOCK_CAPTURE_AUTORELEASING = YES;
				CLANG_WARN_BOOL_CONVERSION = YES;
				CLANG_WARN_COMMA = YES;
				CLANG_WARN_CONSTANT_CONVERSION = YES;
				CLANG_WARN_DEPRECATED_OBJC_IMPLEMENTATIONS = YES;
				CLANG_WARN_DIRECT_OBJC_ISA_USAGE = YES_ERROR;
				CLANG_WARN_DOCUMENTATION_COMMENTS = YES;
				CLANG_WARN_EMPTY_BODY = YES;
				CLANG_WARN_ENUM_CONVERSION = YES;
				CLANG_WARN_INFINITE_RECURSION = YES;
				CLANG_WARN_INT_CONVERSION = YES;
				CLANG_WARN_NON_LITERAL_NULL_CONVERSION = YES;
				CLANG_WARN_OBJC_IMPLICIT_RETAIN_SELF = YES;
				CLANG_WARN_OBJC_LITERAL_CONVERSION = YES;
				CLANG_WARN_OBJC_ROOT_CLASS = YES_ERROR;
				CLANG_WARN_QUOTED_INCLUDE_IN_FRAMEWORK_HEADER = YES;
				CLANG_WARN_RANGE_LOOP_ANALYSIS = YES;
				CLANG_WARN_STRICT_PROTOTYPES = YES;
				CLANG_WARN_SUSPICIOUS_MOVE = YES;
				CLANG_WARN_UNGUARDED_AVAILABILITY = YES_AGGRESSIVE;
				CLANG_WARN_UNREACHABLE_CODE = YES;
				CLANG_WARN__DUPLICATE_METHOD_MATCH = YES;
				COPY_PHASE_STRIP = NO;
				DEBUG_INFORMATION_FORMAT = "dwarf-with-dsym";
				ENABLE_NS_ASSERTIONS = NO;
				ENABLE_STRICT_OBJC_MSGSEND = YES;
				ENABLE_USER_SCRIPT_SANDBOXING = YES;
				GCC_C_LANGUAGE_STANDARD = gnu17;
				GCC_NO_COMMON_BLOCKS = YES;
				GCC_WARN_64_TO_32_BIT_CONVERSION = YES;
				GCC_WARN_ABOUT_RETURN_TYPE = YES_ERROR;
				GCC_WARN_UNDECLARED_SELECTOR = YES;
				GCC_WARN_UNINITIALIZED_AUTOS = YES_AGGRESSIVE;
				GCC_WARN_UNUSED_FUNCTION = YES;
				GCC_WARN_UNUSED_VARIABLE = YES;
				IPHONEOS_DEPLOYMENT_TARGET = 17.0;
				LOCALIZATION_PREFERS_STRING_CATALOGS = YES;
				MTL_ENABLE_DEBUG_INFO = NO;
				MTL_FAST_MATH = YES;
				SDKROOT = iphoneos;
				SWIFT_COMPILATION_MODE = wholemodule;
				VALIDATE_PRODUCT = YES;
			};
			name = Release;
		};
		015963512ABB41A500FB3FE7 /* Debug */ = {
			isa = XCBuildConfiguration;
			buildSettings = {
				ASSETCATALOG_COMPILER_APPICON_NAME = AppIcon;
				ASSETCATALOG_COMPILER_GLOBAL_ACCENT_COLOR_NAME = AccentColor;
				CODE_SIGN_STYLE = Automatic;
				CURRENT_PROJECT_VERSION = 1;
				DEVELOPMENT_ASSET_PATHS = "\"F08-Animaciones/Preview Content\"";
				DEVELOPMENT_TEAM = LV4V48ATK9;
				ENABLE_PREVIEWS = YES;
				GENERATE_INFOPLIST_FILE = YES;
				INFOPLIST_KEY_UIApplicationSceneManifest_Generation = YES;
				INFOPLIST_KEY_UIApplicationSupportsIndirectInputEvents = YES;
				INFOPLIST_KEY_UILaunchScreen_Generation = YES;
				INFOPLIST_KEY_UISupportedInterfaceOrientations_iPad = "UIInterfaceOrientationPortrait UIInterfaceOrientationPortraitUpsideDown UIInterfaceOrientationLandscapeLeft UIInterfaceOrientationLandscapeRight";
				INFOPLIST_KEY_UISupportedInterfaceOrientations_iPhone = "UIInterfaceOrientationPortrait UIInterfaceOrientationLandscapeLeft UIInterfaceOrientationLandscapeRight";
				LD_RUNPATH_SEARCH_PATHS = (
					"$(inherited)",
					"@executable_path/Frameworks",
				);
				MARKETING_VERSION = 1.0;
				PRODUCT_BUNDLE_IDENTIFIER = "com.frogamesformacion.F08-Animaciones";
				PRODUCT_NAME = "$(TARGET_NAME)";
				SWIFT_EMIT_LOC_STRINGS = YES;
				SWIFT_VERSION = 5.0;
				TARGETED_DEVICE_FAMILY = "1,2";
			};
			name = Debug;
		};
		015963522ABB41A500FB3FE7 /* Release */ = {
			isa = XCBuildConfiguration;
			buildSettings = {
				ASSETCATALOG_COMPILER_APPICON_NAME = AppIcon;
				ASSETCATALOG_COMPILER_GLOBAL_ACCENT_COLOR_NAME = AccentColor;
				CODE_SIGN_STYLE = Automatic;
				CURRENT_PROJECT_VERSION = 1;
				DEVELOPMENT_ASSET_PATHS = "\"F08-Animaciones/Preview Content\"";
				DEVELOPMENT_TEAM = LV4V48ATK9;
				ENABLE_PREVIEWS = YES;
				GENERATE_INFOPLIST_FILE = YES;
				INFOPLIST_KEY_UIApplicationSceneManifest_Generation = YES;
				INFOPLIST_KEY_UIApplicationSupportsIndirectInputEvents = YES;
				INFOPLIST_KEY_UILaunchScreen_Generation = YES;
				INFOPLIST_KEY_UISupportedInterfaceOrientations_iPad = "UIInterfaceOrientationPortrait UIInterfaceOrientationPortraitUpsideDown UIInterfaceOrientationLandscapeLeft UIInterfaceOrientationLandscapeRight";
				INFOPLIST_KEY_UISupportedInterfaceOrientations_iPhone = "UIInterfaceOrientationPortrait UIInterfaceOrientationLandscapeLeft UIInterfaceOrientationLandscapeRight";
				LD_RUNPATH_SEARCH_PATHS = (
					"$(inherited)",
					"@executable_path/Frameworks",
				);
				MARKETING_VERSION = 1.0;
				PRODUCT_BUNDLE_IDENTIFIER = "com.frogamesformacion.F08-Animaciones";
				PRODUCT_NAME = "$(TARGET_NAME)";
				SWIFT_EMIT_LOC_STRINGS = YES;
				SWIFT_VERSION = 5.0;
				TARGETED_DEVICE_FAMILY = "1,2";
			};
			name = Release;
		};
/* End XCBuildConfiguration section */

/* Begin XCConfigurationList section */
		0159633D2ABB41A400FB3FE7 /* Build configuration list for PBXProject "F08-Animaciones" */ = {
			isa = XCConfigurationList;
			buildConfigurations = (
				0159634E2ABB41A500FB3FE7 /* Debug */,
				0159634F2ABB41A500FB3FE7 /* Release */,
			);
			defaultConfigurationIsVisible = 0;
			defaultConfigurationName = Release;
		};
		015963502ABB41A500FB3FE7 /* Build configuration list for PBXNativeTarget "F08-Animaciones" */ = {
			isa = XCConfigurationList;
			buildConfigurations = (
				015963512ABB41A500FB3FE7 /* Debug */,
				015963522ABB41A500FB3FE7 /* Release */,
			);
			defaultConfigurationIsVisible = 0;
			defaultConfigurationName = Release;
		};
/* End XCConfigurationList section */
	};
	rootObject = 0159633A2ABB41A400FB3FE7 /* Project object */;
}
