// !$*UTF8*$!
{
	archiveVersion = 1;
	classes = {
	};
	objectVersion = 56;
	objects = {

/* Begin PBXBuildFile section */
		01A518A82B29A1E4001DB9CA /* PaymentFormViewModel.swift in Sources */ = {isa = PBXBuildFile; fileRef = 01A518A72B29A1E4001DB9CA /* PaymentFormViewModel.swift */; };
		01A518AB2B29C914001DB9CA /* KeyboardAdapter.swift in Sources */ = {isa = PBXBuildFile; fileRef = 01A518AA2B29C914001DB9CA /* KeyboardAdapter.swift */; };
		01B5B7612B302834008AFE09 /* PaymentDetailView.swift in Sources */ = {isa = PBXBuildFile; fileRef = 01B5B7602B302834008AFE09 /* PaymentDetailView.swift */; };
		01B5B7632B32D5AF008AFE09 /* PaymentDetailViewModel.swift in Sources */ = {isa = PBXBuildFile; fileRef = 01B5B7622B32D5AF008AFE09 /* PaymentDetailViewModel.swift */; };
		01BDA4982B271643007BE3DA /* F30_FinanzasApp.swift in Sources */ = {isa = PBXBuildFile; fileRef = 01BDA4972B271643007BE3DA /* F30_FinanzasApp.swift */; };
		01BDA49A2B271643007BE3DA /* DashboardView.swift in Sources */ = {isa = PBXBuildFile; fileRef = 01BDA4992B271643007BE3DA /* DashboardView.swift */; };
		01BDA49C2B271643007BE3DA /* PaymentRecord.swift in Sources */ = {isa = PBXBuildFile; fileRef = 01BDA49B2B271643007BE3DA /* PaymentRecord.swift */; };
		01BDA49E2B271643007BE3DA /* Assets.xcassets in Resources */ = {isa = PBXBuildFile; fileRef = 01BDA49D2B271643007BE3DA /* Assets.xcassets */; };
		01BDA4A12B271643007BE3DA /* Preview Assets.xcassets in Resources */ = {isa = PBXBuildFile; fileRef = 01BDA4A02B271643007BE3DA /* Preview Assets.xcassets */; };
		01BDA4AC2B271C38007BE3DA /* NumberFormatter+Ext.swift in Sources */ = {isa = PBXBuildFile; fileRef = 01BDA4AB2B271C38007BE3DA /* NumberFormatter+Ext.swift */; };
		01BDA4AE2B271D0D007BE3DA /* Date+Ext.swift in Sources */ = {isa = PBXBuildFile; fileRef = 01BDA4AD2B271D0D007BE3DA /* Date+Ext.swift */; };
		01BDA4B02B271FA5007BE3DA /* BlankView.swift in Sources */ = {isa = PBXBuildFile; fileRef = 01BDA4AF2B271FA5007BE3DA /* BlankView.swift */; };
		01BDA4B22B2720E1007BE3DA /* PaymentFormView.swift in Sources */ = {isa = PBXBuildFile; fileRef = 01BDA4B12B2720E1007BE3DA /* PaymentFormView.swift */; };
/* End PBXBuildFile section */

/* Begin PBXFileReference section */
		01A518A72B29A1E4001DB9CA /* PaymentFormViewModel.swift */ = {isa = PBXFileReference; lastKnownFileType = sourcecode.swift; path = PaymentFormViewModel.swift; sourceTree = "<group>"; };
		01A518AA2B29C914001DB9CA /* KeyboardAdapter.swift */ = {isa = PBXFileReference; lastKnownFileType = sourcecode.swift; path = KeyboardAdapter.swift; sourceTree = "<group>"; };
		01B5B7602B302834008AFE09 /* PaymentDetailView.swift */ = {isa = PBXFileReference; lastKnownFileType = sourcecode.swift; path = PaymentDetailView.swift; sourceTree = "<group>"; };
		01B5B7622B32D5AF008AFE09 /* PaymentDetailViewModel.swift */ = {isa = PBXFileReference; lastKnownFileType = sourcecode.swift; path = PaymentDetailViewModel.swift; sourceTree = "<group>"; };
		01BDA4942B271643007BE3DA /* F30-Finanzas.app */ = {isa = PBXFileReference; explicitFileType = wrapper.application; includeInIndex = 0; path = "F30-Finanzas.app"; sourceTree = BUILT_PRODUCTS_DIR; };
		01BDA4972B271643007BE3DA /* F30_FinanzasApp.swift */ = {isa = PBXFileReference; lastKnownFileType = sourcecode.swift; path = F30_FinanzasApp.swift; sourceTree = "<group>"; };
		01BDA4992B271643007BE3DA /* DashboardView.swift */ = {isa = PBXFileReference; lastKnownFileType = sourcecode.swift; path = DashboardView.swift; sourceTree = "<group>"; };
		01BDA49B2B271643007BE3DA /* PaymentRecord.swift */ = {isa = PBXFileReference; lastKnownFileType = sourcecode.swift; path = PaymentRecord.swift; sourceTree = "<group>"; };
		01BDA49D2B271643007BE3DA /* Assets.xcassets */ = {isa = PBXFileReference; lastKnownFileType = folder.assetcatalog; path = Assets.xcassets; sourceTree = "<group>"; };
		01BDA4A02B271643007BE3DA /* Preview Assets.xcassets */ = {isa = PBXFileReference; lastKnownFileType = folder.assetcatalog; path = "Preview Assets.xcassets"; sourceTree = "<group>"; };
		01BDA4AB2B271C38007BE3DA /* NumberFormatter+Ext.swift */ = {isa = PBXFileReference; lastKnownFileType = sourcecode.swift; path = "NumberFormatter+Ext.swift"; sourceTree = "<group>"; };
		01BDA4AD2B271D0D007BE3DA /* Date+Ext.swift */ = {isa = PBXFileReference; lastKnownFileType = sourcecode.swift; path = "Date+Ext.swift"; sourceTree = "<group>"; };
		01BDA4AF2B271FA5007BE3DA /* BlankView.swift */ = {isa = PBXFileReference; lastKnownFileType = sourcecode.swift; path = BlankView.swift; sourceTree = "<group>"; };
		01BDA4B12B2720E1007BE3DA /* PaymentFormView.swift */ = {isa = PBXFileReference; lastKnownFileType = sourcecode.swift; path = PaymentFormView.swift; sourceTree = "<group>"; };
/* End PBXFileReference section */

/* Begin PBXFrameworksBuildPhase section */
		01BDA4912B271643007BE3DA /* Frameworks */ = {
			isa = PBXFrameworksBuildPhase;
			buildActionMask = 2147483647;
			files = (
			);
			runOnlyForDeploymentPostprocessing = 0;
		};
/* End PBXFrameworksBuildPhase section */

/* Begin PBXGroup section */
		01A518A92B29C8F2001DB9CA /* Modifiers */ = {
			isa = PBXGroup;
			children = (
				01A518AA2B29C914001DB9CA /* KeyboardAdapter.swift */,
			);
			path = Modifiers;
			sourceTree = "<group>";
		};
		01BDA48B2B271643007BE3DA = {
			isa = PBXGroup;
			children = (
				01BDA4962B271643007BE3DA /* F30-Finanzas */,
				01BDA4952B271643007BE3DA /* Products */,
			);
			sourceTree = "<group>";
		};
		01BDA4952B271643007BE3DA /* Products */ = {
			isa = PBXGroup;
			children = (
				01BDA4942B271643007BE3DA /* F30-Finanzas.app */,
			);
			name = Products;
			sourceTree = "<group>";
		};
		01BDA4962B271643007BE3DA /* F30-Finanzas */ = {
			isa = PBXGroup;
			children = (
				01A518A92B29C8F2001DB9CA /* Modifiers */,
				01BDA4A72B27166A007BE3DA /* Extension */,
				01BDA4A82B27167C007BE3DA /* Model */,
				01BDA4A92B271683007BE3DA /* View */,
				01BDA4AA2B27168A007BE3DA /* ViewModel */,
				01BDA4972B271643007BE3DA /* F30_FinanzasApp.swift */,
				01BDA49D2B271643007BE3DA /* Assets.xcassets */,
				01BDA49F2B271643007BE3DA /* Preview Content */,
			);
			path = "F30-Finanzas";
			sourceTree = "<group>";
		};
		01BDA49F2B271643007BE3DA /* Preview Content */ = {
			isa = PBXGroup;
			children = (
				01BDA4A02B271643007BE3DA /* Preview Assets.xcassets */,
			);
			path = "Preview Content";
			sourceTree = "<group>";
		};
		01BDA4A72B27166A007BE3DA /* Extension */ = {
			isa = PBXGroup;
			children = (
				01BDA4AB2B271C38007BE3DA /* NumberFormatter+Ext.swift */,
				01BDA4AD2B271D0D007BE3DA /* Date+Ext.swift */,
			);
			path = Extension;
			sourceTree = "<group>";
		};
		01BDA4A82B27167C007BE3DA /* Model */ = {
			isa = PBXGroup;
			children = (
				01BDA49B2B271643007BE3DA /* PaymentRecord.swift */,
			);
			path = Model;
			sourceTree = "<group>";
		};
		01BDA4A92B271683007BE3DA /* View */ = {
			isa = PBXGroup;
			children = (
				01BDA4992B271643007BE3DA /* DashboardView.swift */,
				01BDA4AF2B271FA5007BE3DA /* BlankView.swift */,
				01BDA4B12B2720E1007BE3DA /* PaymentFormView.swift */,
				01B5B7602B302834008AFE09 /* PaymentDetailView.swift */,
			);
			path = View;
			sourceTree = "<group>";
		};
		01BDA4AA2B27168A007BE3DA /* ViewModel */ = {
			isa = PBXGroup;
			children = (
				01A518A72B29A1E4001DB9CA /* PaymentFormViewModel.swift */,
				01B5B7622B32D5AF008AFE09 /* PaymentDetailViewModel.swift */,
			);
			path = ViewModel;
			sourceTree = "<group>";
		};
/* End PBXGroup section */

/* Begin PBXNativeTarget section */
		01BDA4932B271643007BE3DA /* F30-Finanzas */ = {
			isa = PBXNativeTarget;
			buildConfigurationList = 01BDA4A42B271643007BE3DA /* Build configuration list for PBXNativeTarget "F30-Finanzas" */;
			buildPhases = (
				01BDA4902B271643007BE3DA /* Sources */,
				01BDA4912B271643007BE3DA /* Frameworks */,
				01BDA4922B271643007BE3DA /* Resources */,
			);
			buildRules = (
			);
			dependencies = (
			);
			name = "F30-Finanzas";
			productName = "F30-Finanzas";
			productReference = 01BDA4942B271643007BE3DA /* F30-Finanzas.app */;
			productType = "com.apple.product-type.application";
		};
/* End PBXNativeTarget section */

/* Begin PBXProject section */
		01BDA48C2B271643007BE3DA /* Project object */ = {
			isa = PBXProject;
			attributes = {
				BuildIndependentTargetsInParallel = 1;
				LastSwiftUpdateCheck = 1500;
				LastUpgradeCheck = 1500;
				TargetAttributes = {
					01BDA4932B271643007BE3DA = {
						CreatedOnToolsVersion = 15.0.1;
					};
				};
			};
			buildConfigurationList = 01BDA48F2B271643007BE3DA /* Build configuration list for PBXProject "F30-Finanzas" */;
			compatibilityVersion = "Xcode 14.0";
			developmentRegion = en;
			hasScannedForEncodings = 0;
			knownRegions = (
				en,
				Base,
			);
			mainGroup = 01BDA48B2B271643007BE3DA;
			productRefGroup = 01BDA4952B271643007BE3DA /* Products */;
			projectDirPath = "";
			projectRoot = "";
			targets = (
				01BDA4932B271643007BE3DA /* F30-Finanzas */,
			);
		};
/* End PBXProject section */

/* Begin PBXResourcesBuildPhase section */
		01BDA4922B271643007BE3DA /* Resources */ = {
			isa = PBXResourcesBuildPhase;
			buildActionMask = 2147483647;
			files = (
				01BDA4A12B271643007BE3DA /* Preview Assets.xcassets in Resources */,
				01BDA49E2B271643007BE3DA /* Assets.xcassets in Resources */,
			);
			runOnlyForDeploymentPostprocessing = 0;
		};
/* End PBXResourcesBuildPhase section */

/* Begin PBXSourcesBuildPhase section */
		01BDA4902B271643007BE3DA /* Sources */ = {
			isa = PBXSourcesBuildPhase;
			buildActionMask = 2147483647;
			files = (
				01BDA49A2B271643007BE3DA /* DashboardView.swift in Sources */,
				01A518AB2B29C914001DB9CA /* KeyboardAdapter.swift in Sources */,
				01B5B7612B302834008AFE09 /* PaymentDetailView.swift in Sources */,
				01BDA4B02B271FA5007BE3DA /* BlankView.swift in Sources */,
				01BDA4B22B2720E1007BE3DA /* PaymentFormView.swift in Sources */,
				01A518A82B29A1E4001DB9CA /* PaymentFormViewModel.swift in Sources */,
				01BDA4AC2B271C38007BE3DA /* NumberFormatter+Ext.swift in Sources */,
				01BDA49C2B271643007BE3DA /* PaymentRecord.swift in Sources */,
				01BDA4982B271643007BE3DA /* F30_FinanzasApp.swift in Sources */,
				01B5B7632B32D5AF008AFE09 /* PaymentDetailViewModel.swift in Sources */,
				01BDA4AE2B271D0D007BE3DA /* Date+Ext.swift in Sources */,
			);
			runOnlyForDeploymentPostprocessing = 0;
		};
/* End PBXSourcesBuildPhase section */

/* Begin XCBuildConfiguration section */
		01BDA4A22B271643007BE3DA /* Debug */ = {
			isa = XCBuildConfiguration;
			buildSettings = {
				ALWAYS_SEARCH_USER_PATHS = NO;
				ASSETCATALOG_COMPILER_GENERATE_SWIFT_ASSET_SYMBOL_EXTENSIONS = YES;
				CLANG_ANALYZER_NONNULL = YES;
				CLANG_ANALYZER_NUMBER_OBJECT_CONVERSION = YES_AGGRESSIVE;
				CLANG_CXX_LANGUAGE_STANDARD = "gnu++20";
				CLANG_ENABLE_MODULES = YES;
				CLANG_ENABLE_OBJC_ARC = YES;
				CLANG_ENABLE_OBJC_WEAK = YES;
				CLANG_WARN_BLOCK_CAPTURE_AUTORELEASING = YES;
				CLANG_WARN_BOOL_CONVERSION = YES;
				CLANG_WARN_COMMA = YES;
				CLANG_WARN_CONSTANT_CONVERSION = YES;
				CLANG_WARN_DEPRECATED_OBJC_IMPLEMENTATIONS = YES;
				CLANG_WARN_DIRECT_OBJC_ISA_USAGE = YES_ERROR;
				CLANG_WARN_DOCUMENTATION_COMMENTS = YES;
				CLANG_WARN_EMPTY_BODY = YES;
				CLANG_WARN_ENUM_CONVERSION = YES;
				CLANG_WARN_INFINITE_RECURSION = YES;
				CLANG_WARN_INT_CONVERSION = YES;
				CLANG_WARN_NON_LITERAL_NULL_CONVERSION = YES;
				CLANG_WARN_OBJC_IMPLICIT_RETAIN_SELF = YES;
				CLANG_WARN_OBJC_LITERAL_CONVERSION = YES;
				CLANG_WARN_OBJC_ROOT_CLASS = YES_ERROR;
				CLANG_WARN_QUOTED_INCLUDE_IN_FRAMEWORK_HEADER = YES;
				CLANG_WARN_RANGE_LOOP_ANALYSIS = YES;
				CLANG_WARN_STRICT_PROTOTYPES = YES;
				CLANG_WARN_SUSPICIOUS_MOVE = YES;
				CLANG_WARN_UNGUARDED_AVAILABILITY = YES_AGGRESSIVE;
				CLANG_WARN_UNREACHABLE_CODE = YES;
				CLANG_WARN__DUPLICATE_METHOD_MATCH = YES;
				COPY_PHASE_STRIP = NO;
				DEBUG_INFORMATION_FORMAT = dwarf;
				ENABLE_STRICT_OBJC_MSGSEND = YES;
				ENABLE_TESTABILITY = YES;
				ENABLE_USER_SCRIPT_SANDBOXING = YES;
				GCC_C_LANGUAGE_STANDARD = gnu17;
				GCC_DYNAMIC_NO_PIC = NO;
				GCC_NO_COMMON_BLOCKS = YES;
				GCC_OPTIMIZATION_LEVEL = 0;
				GCC_PREPROCESSOR_DEFINITIONS = (
					"DEBUG=1",
					"$(inherited)",
				);
				GCC_WARN_64_TO_32_BIT_CONVERSION = YES;
				GCC_WARN_ABOUT_RETURN_TYPE = YES_ERROR;
				GCC_WARN_UNDECLARED_SELECTOR = YES;
				GCC_WARN_UNINITIALIZED_AUTOS = YES_AGGRESSIVE;
				GCC_WARN_UNUSED_FUNCTION = YES;
				GCC_WARN_UNUSED_VARIABLE = YES;
				IPHONEOS_DEPLOYMENT_TARGET = 17.0;
				LOCALIZATION_PREFERS_STRING_CATALOGS = YES;
				MTL_ENABLE_DEBUG_INFO = INCLUDE_SOURCE;
				MTL_FAST_MATH = YES;
				ONLY_ACTIVE_ARCH = YES;
				SDKROOT = iphoneos;
				SWIFT_ACTIVE_COMPILATION_CONDITIONS = "DEBUG $(inherited)";
				SWIFT_OPTIMIZATION_LEVEL = "-Onone";
			};
			name = Debug;
		};
		01BDA4A32B271643007BE3DA /* Release */ = {
			isa = XCBuildConfiguration;
			buildSettings = {
				ALWAYS_SEARCH_USER_PATHS = NO;
				ASSETCATALOG_COMPILER_GENERATE_SWIFT_ASSET_SYMBOL_EXTENSIONS = YES;
				CLANG_ANALYZER_NONNULL = YES;
				CLANG_ANALYZER_NUMBER_OBJECT_CONVERSION = YES_AGGRESSIVE;
				CLANG_CXX_LANGUAGE_STANDARD = "gnu++20";
				CLANG_ENABLE_MODULES = YES;
				CLANG_ENABLE_OBJC_ARC = YES;
				CLANG_ENABLE_OBJC_WEAK = YES;
				CLANG_WARN_BLOCK_CAPTURE_AUTORELEASING = YES;
				CLANG_WARN_BOOL_CONVERSION = YES;
				CLANG_WARN_COMMA = YES;
				CLANG_WARN_CONSTANT_CONVERSION = YES;
				CLANG_WARN_DEPRECATED_OBJC_IMPLEMENTATIONS = YES;
				CLANG_WARN_DIRECT_OBJC_ISA_USAGE = YES_ERROR;
				CLANG_WARN_DOCUMENTATION_COMMENTS = YES;
				CLANG_WARN_EMPTY_BODY = YES;
				CLANG_WARN_ENUM_CONVERSION = YES;
				CLANG_WARN_INFINITE_RECURSION = YES;
				CLANG_WARN_INT_CONVERSION = YES;
				CLANG_WARN_NON_LITERAL_NULL_CONVERSION = YES;
				CLANG_WARN_OBJC_IMPLICIT_RETAIN_SELF = YES;
				CLANG_WARN_OBJC_LITERAL_CONVERSION = YES;
				CLANG_WARN_OBJC_ROOT_CLASS = YES_ERROR;
				CLANG_WARN_QUOTED_INCLUDE_IN_FRAMEWORK_HEADER = YES;
				CLANG_WARN_RANGE_LOOP_ANALYSIS = YES;
				CLANG_WARN_STRICT_PROTOTYPES = YES;
				CLANG_WARN_SUSPICIOUS_MOVE = YES;
				CLANG_WARN_UNGUARDED_AVAILABILITY = YES_AGGRESSIVE;
				CLANG_WARN_UNREACHABLE_CODE = YES;
				CLANG_WARN__DUPLICATE_METHOD_MATCH = YES;
				COPY_PHASE_STRIP = NO;
				DEBUG_INFORMATION_FORMAT = "dwarf-with-dsym";
				ENABLE_NS_ASSERTIONS = NO;
				ENABLE_STRICT_OBJC_MSGSEND = YES;
				ENABLE_USER_SCRIPT_SANDBOXING = YES;
				GCC_C_LANGUAGE_STANDARD = gnu17;
				GCC_NO_COMMON_BLOCKS = YES;
				GCC_WARN_64_TO_32_BIT_CONVERSION = YES;
				GCC_WARN_ABOUT_RETURN_TYPE = YES_ERROR;
				GCC_WARN_UNDECLARED_SELECTOR = YES;
				GCC_WARN_UNINITIALIZED_AUTOS = YES_AGGRESSIVE;
				GCC_WARN_UNUSED_FUNCTION = YES;
				GCC_WARN_UNUSED_VARIABLE = YES;
				IPHONEOS_DEPLOYMENT_TARGET = 17.0;
				LOCALIZATION_PREFERS_STRING_CATALOGS = YES;
				MTL_ENABLE_DEBUG_INFO = NO;
				MTL_FAST_MATH = YES;
				SDKROOT = iphoneos;
				SWIFT_COMPILATION_MODE = wholemodule;
				VALIDATE_PRODUCT = YES;
			};
			name = Release;
		};
		01BDA4A52B271643007BE3DA /* Debug */ = {
			isa = XCBuildConfiguration;
			buildSettings = {
				ASSETCATALOG_COMPILER_APPICON_NAME = AppIcon;
				ASSETCATALOG_COMPILER_GLOBAL_ACCENT_COLOR_NAME = AccentColor;
				CODE_SIGN_STYLE = Automatic;
				CURRENT_PROJECT_VERSION = 1;
				DEVELOPMENT_ASSET_PATHS = "\"F30-Finanzas/Preview Content\"";
				DEVELOPMENT_TEAM = LV4V48ATK9;
				ENABLE_PREVIEWS = YES;
				GENERATE_INFOPLIST_FILE = YES;
				INFOPLIST_KEY_UIApplicationSceneManifest_Generation = YES;
				INFOPLIST_KEY_UIApplicationSupportsIndirectInputEvents = YES;
				INFOPLIST_KEY_UILaunchScreen_Generation = YES;
				INFOPLIST_KEY_UISupportedInterfaceOrientations_iPad = "UIInterfaceOrientationPortrait UIInterfaceOrientationPortraitUpsideDown UIInterfaceOrientationLandscapeLeft UIInterfaceOrientationLandscapeRight";
				INFOPLIST_KEY_UISupportedInterfaceOrientations_iPhone = "UIInterfaceOrientationPortrait UIInterfaceOrientationLandscapeLeft UIInterfaceOrientationLandscapeRight";
				LD_RUNPATH_SEARCH_PATHS = (
					"$(inherited)",
					"@executable_path/Frameworks",
				);
				MARKETING_VERSION = 1.0;
				PRODUCT_BUNDLE_IDENTIFIER = "com.frogamesformacion.F30-Finanzas";
				PRODUCT_NAME = "$(TARGET_NAME)";
				SWIFT_EMIT_LOC_STRINGS = YES;
				SWIFT_VERSION = 5.0;
				TARGETED_DEVICE_FAMILY = "1,2";
			};
			name = Debug;
		};
		01BDA4A62B271643007BE3DA /* Release */ = {
			isa = XCBuildConfiguration;
			buildSettings = {
				ASSETCATALOG_COMPILER_APPICON_NAME = AppIcon;
				ASSETCATALOG_COMPILER_GLOBAL_ACCENT_COLOR_NAME = AccentColor;
				CODE_SIGN_STYLE = Automatic;
				CURRENT_PROJECT_VERSION = 1;
				DEVELOPMENT_ASSET_PATHS = "\"F30-Finanzas/Preview Content\"";
				DEVELOPMENT_TEAM = LV4V48ATK9;
				ENABLE_PREVIEWS = YES;
				GENERATE_INFOPLIST_FILE = YES;
				INFOPLIST_KEY_UIApplicationSceneManifest_Generation = YES;
				INFOPLIST_KEY_UIApplicationSupportsIndirectInputEvents = YES;
				INFOPLIST_KEY_UILaunchScreen_Generation = YES;
				INFOPLIST_KEY_UISupportedInterfaceOrientations_iPad = "UIInterfaceOrientationPortrait UIInterfaceOrientationPortraitUpsideDown UIInterfaceOrientationLandscapeLeft UIInterfaceOrientationLandscapeRight";
				INFOPLIST_KEY_UISupportedInterfaceOrientations_iPhone = "UIInterfaceOrientationPortrait UIInterfaceOrientationLandscapeLeft UIInterfaceOrientationLandscapeRight";
				LD_RUNPATH_SEARCH_PATHS = (
					"$(inherited)",
					"@executable_path/Frameworks",
				);
				MARKETING_VERSION = 1.0;
				PRODUCT_BUNDLE_IDENTIFIER = "com.frogamesformacion.F30-Finanzas";
				PRODUCT_NAME = "$(TARGET_NAME)";
				SWIFT_EMIT_LOC_STRINGS = YES;
				SWIFT_VERSION = 5.0;
				TARGETED_DEVICE_FAMILY = "1,2";
			};
			name = Release;
		};
/* End XCBuildConfiguration section */

/* Begin XCConfigurationList section */
		01BDA48F2B271643007BE3DA /* Build configuration list for PBXProject "F30-Finanzas" */ = {
			isa = XCConfigurationList;
			buildConfigurations = (
				01BDA4A22B271643007BE3DA /* Debug */,
				01BDA4A32B271643007BE3DA /* Release */,
			);
			defaultConfigurationIsVisible = 0;
			defaultConfigurationName = Release;
		};
		01BDA4A42B271643007BE3DA /* Build configuration list for PBXNativeTarget "F30-Finanzas" */ = {
			isa = XCConfigurationList;
			buildConfigurations = (
				01BDA4A52B271643007BE3DA /* Debug */,
				01BDA4A62B271643007BE3DA /* Release */,
			);
			defaultConfigurationIsVisible = 0;
			defaultConfigurationName = Release;
		};
/* End XCConfigurationList section */
	};
	rootObject = 01BDA48C2B271643007BE3DA /* Project object */;
}
